// !$*UTF8*$!
{
	archiveVersion = 1;
	classes = {
	};
	objectVersion = 50;
	objects = {

/* Begin PBXBuildFile section */
		826994F325AF4CAD00D8104B /* HomeScreen.swift in Sources */ = {isa = PBXBuildFile; fileRef = 826994F225AF4CAD00D8104B /* HomeScreen.swift */; };
		826994F925AF4CD100D8104B /* ViewExtensions.swift in Sources */ = {isa = PBXBuildFile; fileRef = 826994F825AF4CD100D8104B /* ViewExtensions.swift */; };
		828858DD25AF46F60000BADB /* AppDelegate.swift in Sources */ = {isa = PBXBuildFile; fileRef = 828858DC25AF46F60000BADB /* AppDelegate.swift */; };
		828858DF25AF46F60000BADB /* SceneDelegate.swift in Sources */ = {isa = PBXBuildFile; fileRef = 828858DE25AF46F60000BADB /* SceneDelegate.swift */; };
		828858E125AF46F60000BADB /* ContentView.swift in Sources */ = {isa = PBXBuildFile; fileRef = 828858E025AF46F60000BADB /* ContentView.swift */; };
		828858E325AF46F70000BADB /* Assets.xcassets in Resources */ = {isa = PBXBuildFile; fileRef = 828858E225AF46F70000BADB /* Assets.xcassets */; };
		828858E625AF46F70000BADB /* Preview Assets.xcassets in Resources */ = {isa = PBXBuildFile; fileRef = 828858E525AF46F70000BADB /* Preview Assets.xcassets */; };
		828858E925AF46F70000BADB /* LaunchScreen.storyboard in Resources */ = {isa = PBXBuildFile; fileRef = 828858E725AF46F70000BADB /* LaunchScreen.storyboard */; };
		828858F425AF46F70000BADB /* RestaurantTests.swift in Sources */ = {isa = PBXBuildFile; fileRef = 828858F325AF46F70000BADB /* RestaurantTests.swift */; };
		828858FF25AF46F70000BADB /* RestaurantUITests.swift in Sources */ = {isa = PBXBuildFile; fileRef = 828858FE25AF46F70000BADB /* RestaurantUITests.swift */; };
		8288592B25AF479B0000BADB /* SignIn.swift in Sources */ = {isa = PBXBuildFile; fileRef = 8288592A25AF479B0000BADB /* SignIn.swift */; };
		8288593025AF47B40000BADB /* SplashScreen.swift in Sources */ = {isa = PBXBuildFile; fileRef = 8288592F25AF47B40000BADB /* SplashScreen.swift */; };
		8288594725AF47D10000BADB /* Poppins-ExtraLight.ttf in Resources */ = {isa = PBXBuildFile; fileRef = 8288593525AF47D10000BADB /* Poppins-ExtraLight.ttf */; };
		8288594825AF47D10000BADB /* Poppins-ThinItalic.ttf in Resources */ = {isa = PBXBuildFile; fileRef = 8288593625AF47D10000BADB /* Poppins-ThinItalic.ttf */; };
		8288594925AF47D10000BADB /* Poppins-ExtraLightItalic.ttf in Resources */ = {isa = PBXBuildFile; fileRef = 8288593725AF47D10000BADB /* Poppins-ExtraLightItalic.ttf */; };
		8288594A25AF47D10000BADB /* Poppins-BoldItalic.ttf in Resources */ = {isa = PBXBuildFile; fileRef = 8288593825AF47D10000BADB /* Poppins-BoldItalic.ttf */; };
		8288594B25AF47D10000BADB /* Poppins-Light.ttf in Resources */ = {isa = PBXBuildFile; fileRef = 8288593925AF47D10000BADB /* Poppins-Light.ttf */; };
		8288594C25AF47D10000BADB /* Poppins-Medium.ttf in Resources */ = {isa = PBXBuildFile; fileRef = 8288593A25AF47D10000BADB /* Poppins-Medium.ttf */; };
		8288594D25AF47D10000BADB /* Poppins-SemiBoldItalic.ttf in Resources */ = {isa = PBXBuildFile; fileRef = 8288593B25AF47D10000BADB /* Poppins-SemiBoldItalic.ttf */; };
		8288594E25AF47D10000BADB /* Poppins-ExtraBoldItalic.ttf in Resources */ = {isa = PBXBuildFile; fileRef = 8288593C25AF47D10000BADB /* Poppins-ExtraBoldItalic.ttf */; };
		8288594F25AF47D10000BADB /* Poppins-ExtraBold.ttf in Resources */ = {isa = PBXBuildFile; fileRef = 8288593D25AF47D10000BADB /* Poppins-ExtraBold.ttf */; };
		8288595025AF47D10000BADB /* Poppins-BlackItalic.ttf in Resources */ = {isa = PBXBuildFile; fileRef = 8288593E25AF47D10000BADB /* Poppins-BlackItalic.ttf */; };
		8288595125AF47D10000BADB /* Poppins-Regular.ttf in Resources */ = {isa = PBXBuildFile; fileRef = 8288593F25AF47D10000BADB /* Poppins-Regular.ttf */; };
		8288595225AF47D10000BADB /* Poppins-LightItalic.ttf in Resources */ = {isa = PBXBuildFile; fileRef = 8288594025AF47D10000BADB /* Poppins-LightItalic.ttf */; };
		8288595325AF47D20000BADB /* Poppins-Bold.ttf in Resources */ = {isa = PBXBuildFile; fileRef = 8288594125AF47D10000BADB /* Poppins-Bold.ttf */; };
		8288595425AF47D20000BADB /* Poppins-Black.ttf in Resources */ = {isa = PBXBuildFile; fileRef = 8288594225AF47D10000BADB /* Poppins-Black.ttf */; };
		8288595525AF47D20000BADB /* Poppins-Thin.ttf in Resources */ = {isa = PBXBuildFile; fileRef = 8288594325AF47D10000BADB /* Poppins-Thin.ttf */; };
		8288595625AF47D20000BADB /* Poppins-SemiBold.ttf in Resources */ = {isa = PBXBuildFile; fileRef = 8288594425AF47D10000BADB /* Poppins-SemiBold.ttf */; };
		8288595725AF47D20000BADB /* Poppins-Italic.ttf in Resources */ = {isa = PBXBuildFile; fileRef = 8288594525AF47D10000BADB /* Poppins-Italic.ttf */; };
		8288595825AF47D20000BADB /* Poppins-MediumItalic.ttf in Resources */ = {isa = PBXBuildFile; fileRef = 8288594625AF47D10000BADB /* Poppins-MediumItalic.ttf */; };
		8288595D25AF47E60000BADB /* CustomFonts.swift in Sources */ = {isa = PBXBuildFile; fileRef = 8288595C25AF47E60000BADB /* CustomFonts.swift */; };
		8288596925AF49090000BADB /* CustomColors.swift in Sources */ = {isa = PBXBuildFile; fileRef = 8288596825AF49090000BADB /* CustomColors.swift */; };
		82FC984525AF7C770065CC1C /* TabBar.swift in Sources */ = {isa = PBXBuildFile; fileRef = 82FC984425AF7C770065CC1C /* TabBar.swift */; };
		82FC985725AF92CD0065CC1C /* Helpers.swift in Sources */ = {isa = PBXBuildFile; fileRef = 82FC985625AF92CD0065CC1C /* Helpers.swift */; };
/* End PBXBuildFile section */

/* Begin PBXContainerItemProxy section */
		828858F025AF46F70000BADB /* PBXContainerItemProxy */ = {
			isa = PBXContainerItemProxy;
			containerPortal = 828858D125AF46F60000BADB /* Project object */;
			proxyType = 1;
			remoteGlobalIDString = 828858D825AF46F60000BADB;
			remoteInfo = Restaurant;
		};
		828858FB25AF46F70000BADB /* PBXContainerItemProxy */ = {
			isa = PBXContainerItemProxy;
			containerPortal = 828858D125AF46F60000BADB /* Project object */;
			proxyType = 1;
			remoteGlobalIDString = 828858D825AF46F60000BADB;
			remoteInfo = Restaurant;
		};
/* End PBXContainerItemProxy section */

/* Begin PBXFileReference section */
		826994F225AF4CAD00D8104B /* HomeScreen.swift */ = {isa = PBXFileReference; lastKnownFileType = sourcecode.swift; path = HomeScreen.swift; sourceTree = "<group>"; };
		826994F825AF4CD100D8104B /* ViewExtensions.swift */ = {isa = PBXFileReference; lastKnownFileType = sourcecode.swift; path = ViewExtensions.swift; sourceTree = "<group>"; };
		828858D925AF46F60000BADB /* Restaurant.app */ = {isa = PBXFileReference; explicitFileType = wrapper.application; includeInIndex = 0; path = Restaurant.app; sourceTree = BUILT_PRODUCTS_DIR; };
		828858DC25AF46F60000BADB /* AppDelegate.swift */ = {isa = PBXFileReference; lastKnownFileType = sourcecode.swift; path = AppDelegate.swift; sourceTree = "<group>"; };
		828858DE25AF46F60000BADB /* SceneDelegate.swift */ = {isa = PBXFileReference; lastKnownFileType = sourcecode.swift; path = SceneDelegate.swift; sourceTree = "<group>"; };
		828858E025AF46F60000BADB /* ContentView.swift */ = {isa = PBXFileReference; lastKnownFileType = sourcecode.swift; path = ContentView.swift; sourceTree = "<group>"; };
		828858E225AF46F70000BADB /* Assets.xcassets */ = {isa = PBXFileReference; lastKnownFileType = folder.assetcatalog; path = Assets.xcassets; sourceTree = "<group>"; };
		828858E525AF46F70000BADB /* Preview Assets.xcassets */ = {isa = PBXFileReference; lastKnownFileType = folder.assetcatalog; path = "Preview Assets.xcassets"; sourceTree = "<group>"; };
		828858E825AF46F70000BADB /* Base */ = {isa = PBXFileReference; lastKnownFileType = file.storyboard; name = Base; path = Base.lproj/LaunchScreen.storyboard; sourceTree = "<group>"; };
		828858EA25AF46F70000BADB /* Info.plist */ = {isa = PBXFileReference; lastKnownFileType = text.plist.xml; path = Info.plist; sourceTree = "<group>"; };
		828858EF25AF46F70000BADB /* RestaurantTests.xctest */ = {isa = PBXFileReference; explicitFileType = wrapper.cfbundle; includeInIndex = 0; path = RestaurantTests.xctest; sourceTree = BUILT_PRODUCTS_DIR; };
		828858F325AF46F70000BADB /* RestaurantTests.swift */ = {isa = PBXFileReference; lastKnownFileType = sourcecode.swift; path = RestaurantTests.swift; sourceTree = "<group>"; };
		828858F525AF46F70000BADB /* Info.plist */ = {isa = PBXFileReference; lastKnownFileType = text.plist.xml; path = Info.plist; sourceTree = "<group>"; };
		828858FA25AF46F70000BADB /* RestaurantUITests.xctest */ = {isa = PBXFileReference; explicitFileType = wrapper.cfbundle; includeInIndex = 0; path = RestaurantUITests.xctest; sourceTree = BUILT_PRODUCTS_DIR; };
		828858FE25AF46F70000BADB /* RestaurantUITests.swift */ = {isa = PBXFileReference; lastKnownFileType = sourcecode.swift; path = RestaurantUITests.swift; sourceTree = "<group>"; };
		8288590025AF46F70000BADB /* Info.plist */ = {isa = PBXFileReference; lastKnownFileType = text.plist.xml; path = Info.plist; sourceTree = "<group>"; };
		8288592A25AF479B0000BADB /* SignIn.swift */ = {isa = PBXFileReference; fileEncoding = 4; lastKnownFileType = sourcecode.swift; path = SignIn.swift; sourceTree = "<group>"; };
		8288592F25AF47B40000BADB /* SplashScreen.swift */ = {isa = PBXFileReference; fileEncoding = 4; lastKnownFileType = sourcecode.swift; path = SplashScreen.swift; sourceTree = "<group>"; };
		8288593525AF47D10000BADB /* Poppins-ExtraLight.ttf */ = {isa = PBXFileReference; lastKnownFileType = file; path = "Poppins-ExtraLight.ttf"; sourceTree = "<group>"; };
		8288593625AF47D10000BADB /* Poppins-ThinItalic.ttf */ = {isa = PBXFileReference; lastKnownFileType = file; path = "Poppins-ThinItalic.ttf"; sourceTree = "<group>"; };
		8288593725AF47D10000BADB /* Poppins-ExtraLightItalic.ttf */ = {isa = PBXFileReference; lastKnownFileType = file; path = "Poppins-ExtraLightItalic.ttf"; sourceTree = "<group>"; };
		8288593825AF47D10000BADB /* Poppins-BoldItalic.ttf */ = {isa = PBXFileReference; lastKnownFileType = file; path = "Poppins-BoldItalic.ttf"; sourceTree = "<group>"; };
		8288593925AF47D10000BADB /* Poppins-Light.ttf */ = {isa = PBXFileReference; lastKnownFileType = file; path = "Poppins-Light.ttf"; sourceTree = "<group>"; };
		8288593A25AF47D10000BADB /* Poppins-Medium.ttf */ = {isa = PBXFileReference; lastKnownFileType = file; path = "Poppins-Medium.ttf"; sourceTree = "<group>"; };
		8288593B25AF47D10000BADB /* Poppins-SemiBoldItalic.ttf */ = {isa = PBXFileReference; lastKnownFileType = file; path = "Poppins-SemiBoldItalic.ttf"; sourceTree = "<group>"; };
		8288593C25AF47D10000BADB /* Poppins-ExtraBoldItalic.ttf */ = {isa = PBXFileReference; lastKnownFileType = file; path = "Poppins-ExtraBoldItalic.ttf"; sourceTree = "<group>"; };
		8288593D25AF47D10000BADB /* Poppins-ExtraBold.ttf */ = {isa = PBXFileReference; lastKnownFileType = file; path = "Poppins-ExtraBold.ttf"; sourceTree = "<group>"; };
		8288593E25AF47D10000BADB /* Poppins-BlackItalic.ttf */ = {isa = PBXFileReference; lastKnownFileType = file; path = "Poppins-BlackItalic.ttf"; sourceTree = "<group>"; };
		8288593F25AF47D10000BADB /* Poppins-Regular.ttf */ = {isa = PBXFileReference; lastKnownFileType = file; path = "Poppins-Regular.ttf"; sourceTree = "<group>"; };
		8288594025AF47D10000BADB /* Poppins-LightItalic.ttf */ = {isa = PBXFileReference; lastKnownFileType = file; path = "Poppins-LightItalic.ttf"; sourceTree = "<group>"; };
		8288594125AF47D10000BADB /* Poppins-Bold.ttf */ = {isa = PBXFileReference; lastKnownFileType = file; path = "Poppins-Bold.ttf"; sourceTree = "<group>"; };
		8288594225AF47D10000BADB /* Poppins-Black.ttf */ = {isa = PBXFileReference; lastKnownFileType = file; path = "Poppins-Black.ttf"; sourceTree = "<group>"; };
		8288594325AF47D10000BADB /* Poppins-Thin.ttf */ = {isa = PBXFileReference; lastKnownFileType = file; path = "Poppins-Thin.ttf"; sourceTree = "<group>"; };
		8288594425AF47D10000BADB /* Poppins-SemiBold.ttf */ = {isa = PBXFileReference; lastKnownFileType = file; path = "Poppins-SemiBold.ttf"; sourceTree = "<group>"; };
		8288594525AF47D10000BADB /* Poppins-Italic.ttf */ = {isa = PBXFileReference; lastKnownFileType = file; path = "Poppins-Italic.ttf"; sourceTree = "<group>"; };
		8288594625AF47D10000BADB /* Poppins-MediumItalic.ttf */ = {isa = PBXFileReference; lastKnownFileType = file; path = "Poppins-MediumItalic.ttf"; sourceTree = "<group>"; };
		8288595C25AF47E60000BADB /* CustomFonts.swift */ = {isa = PBXFileReference; fileEncoding = 4; lastKnownFileType = sourcecode.swift; path = CustomFonts.swift; sourceTree = "<group>"; };
		8288596825AF49090000BADB /* CustomColors.swift */ = {isa = PBXFileReference; lastKnownFileType = sourcecode.swift; path = CustomColors.swift; sourceTree = "<group>"; };
		82FC984425AF7C770065CC1C /* TabBar.swift */ = {isa = PBXFileReference; lastKnownFileType = sourcecode.swift; path = TabBar.swift; sourceTree = "<group>"; };
		82FC985625AF92CD0065CC1C /* Helpers.swift */ = {isa = PBXFileReference; lastKnownFileType = sourcecode.swift; path = Helpers.swift; sourceTree = "<group>"; };
/* End PBXFileReference section */

/* Begin PBXFrameworksBuildPhase section */
		828858D625AF46F60000BADB /* Frameworks */ = {
			isa = PBXFrameworksBuildPhase;
			buildActionMask = 2147483647;
			files = (
			);
			runOnlyForDeploymentPostprocessing = 0;
		};
		828858EC25AF46F70000BADB /* Frameworks */ = {
			isa = PBXFrameworksBuildPhase;
			buildActionMask = 2147483647;
			files = (
			);
			runOnlyForDeploymentPostprocessing = 0;
		};
		828858F725AF46F70000BADB /* Frameworks */ = {
			isa = PBXFrameworksBuildPhase;
			buildActionMask = 2147483647;
			files = (
			);
			runOnlyForDeploymentPostprocessing = 0;
		};
/* End PBXFrameworksBuildPhase section */

/* Begin PBXGroup section */
		826994F725AF4CC600D8104B /* Extensions */ = {
			isa = PBXGroup;
			children = (
				826994F825AF4CD100D8104B /* ViewExtensions.swift */,
			);
			path = Extensions;
			sourceTree = "<group>";
		};
		828858D025AF46F60000BADB = {
			isa = PBXGroup;
			children = (
				828858DB25AF46F60000BADB /* Restaurant */,
				828858F225AF46F70000BADB /* RestaurantTests */,
				828858FD25AF46F70000BADB /* RestaurantUITests */,
				828858DA25AF46F60000BADB /* Products */,
			);
			sourceTree = "<group>";
		};
		828858DA25AF46F60000BADB /* Products */ = {
			isa = PBXGroup;
			children = (
				828858D925AF46F60000BADB /* Restaurant.app */,
				828858EF25AF46F70000BADB /* RestaurantTests.xctest */,
				828858FA25AF46F70000BADB /* RestaurantUITests.xctest */,
			);
			name = Products;
			sourceTree = "<group>";
		};
		828858DB25AF46F60000BADB /* Restaurant */ = {
			isa = PBXGroup;
			children = (
				828858DC25AF46F60000BADB /* AppDelegate.swift */,
				828858DE25AF46F60000BADB /* SceneDelegate.swift */,
				82FC985525AF92C00065CC1C /* Helpers */,
				82FC984325AF7C670065CC1C /* CustomViews */,
				826994F725AF4CC600D8104B /* Extensions */,
				8288592925AF479B0000BADB /* Views */,
				828858E025AF46F60000BADB /* ContentView.swift */,
				828858E225AF46F70000BADB /* Assets.xcassets */,
				8288592F25AF47B40000BADB /* SplashScreen.swift */,
				82B5C77C25AF49A6005CE987 /* Colors */,
				8288593425AF47D10000BADB /* Fonts */,
				8288595C25AF47E60000BADB /* CustomFonts.swift */,
				828858E725AF46F70000BADB /* LaunchScreen.storyboard */,
				828858EA25AF46F70000BADB /* Info.plist */,
				828858E425AF46F70000BADB /* Preview Content */,
			);
			path = Restaurant;
			sourceTree = "<group>";
		};
		828858E425AF46F70000BADB /* Preview Content */ = {
			isa = PBXGroup;
			children = (
				828858E525AF46F70000BADB /* Preview Assets.xcassets */,
			);
			path = "Preview Content";
			sourceTree = "<group>";
		};
		828858F225AF46F70000BADB /* RestaurantTests */ = {
			isa = PBXGroup;
			children = (
				828858F325AF46F70000BADB /* RestaurantTests.swift */,
				828858F525AF46F70000BADB /* Info.plist */,
			);
			path = RestaurantTests;
			sourceTree = "<group>";
		};
		828858FD25AF46F70000BADB /* RestaurantUITests */ = {
			isa = PBXGroup;
			children = (
				828858FE25AF46F70000BADB /* RestaurantUITests.swift */,
				8288590025AF46F70000BADB /* Info.plist */,
			);
			path = RestaurantUITests;
			sourceTree = "<group>";
		};
		8288592925AF479B0000BADB /* Views */ = {
			isa = PBXGroup;
			children = (
				8288592A25AF479B0000BADB /* SignIn.swift */,
				826994F225AF4CAD00D8104B /* HomeScreen.swift */,
			);
			path = Views;
			sourceTree = "<group>";
		};
		8288593425AF47D10000BADB /* Fonts */ = {
			isa = PBXGroup;
			children = (
				8288593525AF47D10000BADB /* Poppins-ExtraLight.ttf */,
				8288593625AF47D10000BADB /* Poppins-ThinItalic.ttf */,
				8288593725AF47D10000BADB /* Poppins-ExtraLightItalic.ttf */,
				8288593825AF47D10000BADB /* Poppins-BoldItalic.ttf */,
				8288593925AF47D10000BADB /* Poppins-Light.ttf */,
				8288593A25AF47D10000BADB /* Poppins-Medium.ttf */,
				8288593B25AF47D10000BADB /* Poppins-SemiBoldItalic.ttf */,
				8288593C25AF47D10000BADB /* Poppins-ExtraBoldItalic.ttf */,
				8288593D25AF47D10000BADB /* Poppins-ExtraBold.ttf */,
				8288593E25AF47D10000BADB /* Poppins-BlackItalic.ttf */,
				8288593F25AF47D10000BADB /* Poppins-Regular.ttf */,
				8288594025AF47D10000BADB /* Poppins-LightItalic.ttf */,
				8288594125AF47D10000BADB /* Poppins-Bold.ttf */,
				8288594225AF47D10000BADB /* Poppins-Black.ttf */,
				8288594325AF47D10000BADB /* Poppins-Thin.ttf */,
				8288594425AF47D10000BADB /* Poppins-SemiBold.ttf */,
				8288594525AF47D10000BADB /* Poppins-Italic.ttf */,
				8288594625AF47D10000BADB /* Poppins-MediumItalic.ttf */,
			);
			path = Fonts;
			sourceTree = "<group>";
		};
		82B5C77C25AF49A6005CE987 /* Colors */ = {
			isa = PBXGroup;
			children = (
				8288596825AF49090000BADB /* CustomColors.swift */,
			);
			path = Colors;
			sourceTree = "<group>";
		};
		82FC984325AF7C670065CC1C /* CustomViews */ = {
			isa = PBXGroup;
			children = (
				82FC984425AF7C770065CC1C /* TabBar.swift */,
			);
			path = CustomViews;
			sourceTree = "<group>";
		};
		82FC985525AF92C00065CC1C /* Helpers */ = {
			isa = PBXGroup;
			children = (
				82FC985625AF92CD0065CC1C /* Helpers.swift */,
			);
			path = Helpers;
			sourceTree = "<group>";
		};
/* End PBXGroup section */

/* Begin PBXNativeTarget section */
		828858D825AF46F60000BADB /* Restaurant */ = {
			isa = PBXNativeTarget;
			buildConfigurationList = 8288590325AF46F70000BADB /* Build configuration list for PBXNativeTarget "Restaurant" */;
			buildPhases = (
				828858D525AF46F60000BADB /* Sources */,
				828858D625AF46F60000BADB /* Frameworks */,
				828858D725AF46F60000BADB /* Resources */,
			);
			buildRules = (
			);
			dependencies = (
			);
			name = Restaurant;
			productName = Restaurant;
			productReference = 828858D925AF46F60000BADB /* Restaurant.app */;
			productType = "com.apple.product-type.application";
		};
		828858EE25AF46F70000BADB /* RestaurantTests */ = {
			isa = PBXNativeTarget;
			buildConfigurationList = 8288590625AF46F70000BADB /* Build configuration list for PBXNativeTarget "RestaurantTests" */;
			buildPhases = (
				828858EB25AF46F70000BADB /* Sources */,
				828858EC25AF46F70000BADB /* Frameworks */,
				828858ED25AF46F70000BADB /* Resources */,
			);
			buildRules = (
			);
			dependencies = (
				828858F125AF46F70000BADB /* PBXTargetDependency */,
			);
			name = RestaurantTests;
			productName = RestaurantTests;
			productReference = 828858EF25AF46F70000BADB /* RestaurantTests.xctest */;
			productType = "com.apple.product-type.bundle.unit-test";
		};
		828858F925AF46F70000BADB /* RestaurantUITests */ = {
			isa = PBXNativeTarget;
			buildConfigurationList = 8288590925AF46F70000BADB /* Build configuration list for PBXNativeTarget "RestaurantUITests" */;
			buildPhases = (
				828858F625AF46F70000BADB /* Sources */,
				828858F725AF46F70000BADB /* Frameworks */,
				828858F825AF46F70000BADB /* Resources */,
			);
			buildRules = (
			);
			dependencies = (
				828858FC25AF46F70000BADB /* PBXTargetDependency */,
			);
			name = RestaurantUITests;
			productName = RestaurantUITests;
			productReference = 828858FA25AF46F70000BADB /* RestaurantUITests.xctest */;
			productType = "com.apple.product-type.bundle.ui-testing";
		};
/* End PBXNativeTarget section */

/* Begin PBXProject section */
		828858D125AF46F60000BADB /* Project object */ = {
			isa = PBXProject;
			attributes = {
				LastSwiftUpdateCheck = 1230;
				LastUpgradeCheck = 1230;
				TargetAttributes = {
					828858D825AF46F60000BADB = {
						CreatedOnToolsVersion = 12.3;
					};
					828858EE25AF46F70000BADB = {
						CreatedOnToolsVersion = 12.3;
						TestTargetID = 828858D825AF46F60000BADB;
					};
					828858F925AF46F70000BADB = {
						CreatedOnToolsVersion = 12.3;
						TestTargetID = 828858D825AF46F60000BADB;
					};
				};
			};
			buildConfigurationList = 828858D425AF46F60000BADB /* Build configuration list for PBXProject "Restaurant" */;
			compatibilityVersion = "Xcode 9.3";
			developmentRegion = en;
			hasScannedForEncodings = 0;
			knownRegions = (
				en,
				Base,
			);
			mainGroup = 828858D025AF46F60000BADB;
			productRefGroup = 828858DA25AF46F60000BADB /* Products */;
			projectDirPath = "";
			projectRoot = "";
			targets = (
				828858D825AF46F60000BADB /* Restaurant */,
				828858EE25AF46F70000BADB /* RestaurantTests */,
				828858F925AF46F70000BADB /* RestaurantUITests */,
			);
		};
/* End PBXProject section */

/* Begin PBXResourcesBuildPhase section */
		828858D725AF46F60000BADB /* Resources */ = {
			isa = PBXResourcesBuildPhase;
			buildActionMask = 2147483647;
			files = (
				8288594925AF47D10000BADB /* Poppins-ExtraLightItalic.ttf in Resources */,
				8288595425AF47D20000BADB /* Poppins-Black.ttf in Resources */,
				8288595225AF47D10000BADB /* Poppins-LightItalic.ttf in Resources */,
				8288595525AF47D20000BADB /* Poppins-Thin.ttf in Resources */,
				8288595025AF47D10000BADB /* Poppins-BlackItalic.ttf in Resources */,
				8288595625AF47D20000BADB /* Poppins-SemiBold.ttf in Resources */,
				8288595325AF47D20000BADB /* Poppins-Bold.ttf in Resources */,
				8288594725AF47D10000BADB /* Poppins-ExtraLight.ttf in Resources */,
				8288594A25AF47D10000BADB /* Poppins-BoldItalic.ttf in Resources */,
				8288594B25AF47D10000BADB /* Poppins-Light.ttf in Resources */,
				8288594F25AF47D10000BADB /* Poppins-ExtraBold.ttf in Resources */,
				828858E925AF46F70000BADB /* LaunchScreen.storyboard in Resources */,
				8288594D25AF47D10000BADB /* Poppins-SemiBoldItalic.ttf in Resources */,
				8288594E25AF47D10000BADB /* Poppins-ExtraBoldItalic.ttf in Resources */,
				8288595125AF47D10000BADB /* Poppins-Regular.ttf in Resources */,
				8288594825AF47D10000BADB /* Poppins-ThinItalic.ttf in Resources */,
				8288594C25AF47D10000BADB /* Poppins-Medium.ttf in Resources */,
				828858E625AF46F70000BADB /* Preview Assets.xcassets in Resources */,
				8288595725AF47D20000BADB /* Poppins-Italic.ttf in Resources */,
				8288595825AF47D20000BADB /* Poppins-MediumItalic.ttf in Resources */,
				828858E325AF46F70000BADB /* Assets.xcassets in Resources */,
			);
			runOnlyForDeploymentPostprocessing = 0;
		};
		828858ED25AF46F70000BADB /* Resources */ = {
			isa = PBXResourcesBuildPhase;
			buildActionMask = 2147483647;
			files = (
			);
			runOnlyForDeploymentPostprocessing = 0;
		};
		828858F825AF46F70000BADB /* Resources */ = {
			isa = PBXResourcesBuildPhase;
			buildActionMask = 2147483647;
			files = (
			);
			runOnlyForDeploymentPostprocessing = 0;
		};
/* End PBXResourcesBuildPhase section */

/* Begin PBXSourcesBuildPhase section */
		828858D525AF46F60000BADB /* Sources */ = {
			isa = PBXSourcesBuildPhase;
			buildActionMask = 2147483647;
			files = (
				8288593025AF47B40000BADB /* SplashScreen.swift in Sources */,
				828858DD25AF46F60000BADB /* AppDelegate.swift in Sources */,
				8288596925AF49090000BADB /* CustomColors.swift in Sources */,
				8288595D25AF47E60000BADB /* CustomFonts.swift in Sources */,
				82FC985725AF92CD0065CC1C /* Helpers.swift in Sources */,
				826994F925AF4CD100D8104B /* ViewExtensions.swift in Sources */,
				826994F325AF4CAD00D8104B /* HomeScreen.swift in Sources */,
				828858DF25AF46F60000BADB /* SceneDelegate.swift in Sources */,
				8288592B25AF479B0000BADB /* SignIn.swift in Sources */,
				828858E125AF46F60000BADB /* ContentView.swift in Sources */,
				82FC984525AF7C770065CC1C /* TabBar.swift in Sources */,
			);
			runOnlyForDeploymentPostprocessing = 0;
		};
		828858EB25AF46F70000BADB /* Sources */ = {
			isa = PBXSourcesBuildPhase;
			buildActionMask = 2147483647;
			files = (
				828858F425AF46F70000BADB /* RestaurantTests.swift in Sources */,
			);
			runOnlyForDeploymentPostprocessing = 0;
		};
		828858F625AF46F70000BADB /* Sources */ = {
			isa = PBXSourcesBuildPhase;
			buildActionMask = 2147483647;
			files = (
				828858FF25AF46F70000BADB /* RestaurantUITests.swift in Sources */,
			);
			runOnlyForDeploymentPostprocessing = 0;
		};
/* End PBXSourcesBuildPhase section */

/* Begin PBXTargetDependency section */
		828858F125AF46F70000BADB /* PBXTargetDependency */ = {
			isa = PBXTargetDependency;
			target = 828858D825AF46F60000BADB /* Restaurant */;
			targetProxy = 828858F025AF46F70000BADB /* PBXContainerItemProxy */;
		};
		828858FC25AF46F70000BADB /* PBXTargetDependency */ = {
			isa = PBXTargetDependency;
			target = 828858D825AF46F60000BADB /* Restaurant */;
			targetProxy = 828858FB25AF46F70000BADB /* PBXContainerItemProxy */;
		};
/* End PBXTargetDependency section */

/* Begin PBXVariantGroup section */
		828858E725AF46F70000BADB /* LaunchScreen.storyboard */ = {
			isa = PBXVariantGroup;
			children = (
				828858E825AF46F70000BADB /* Base */,
			);
			name = LaunchScreen.storyboard;
			sourceTree = "<group>";
		};
/* End PBXVariantGroup section */

/* Begin XCBuildConfiguration section */
		8288590125AF46F70000BADB /* Debug */ = {
			isa = XCBuildConfiguration;
			buildSettings = {
				ALWAYS_SEARCH_USER_PATHS = NO;
				CLANG_ANALYZER_NONNULL = YES;
				CLANG_ANALYZER_NUMBER_OBJECT_CONVERSION = YES_AGGRESSIVE;
				CLANG_CXX_LANGUAGE_STANDARD = "gnu++14";
				CLANG_CXX_LIBRARY = "libc++";
				CLANG_ENABLE_MODULES = YES;
				CLANG_ENABLE_OBJC_ARC = YES;
				CLANG_ENABLE_OBJC_WEAK = YES;
				CLANG_WARN_BLOCK_CAPTURE_AUTORELEASING = YES;
				CLANG_WARN_BOOL_CONVERSION = YES;
				CLANG_WARN_COMMA = YES;
				CLANG_WARN_CONSTANT_CONVERSION = YES;
				CLANG_WARN_DEPRECATED_OBJC_IMPLEMENTATIONS = YES;
				CLANG_WARN_DIRECT_OBJC_ISA_USAGE = YES_ERROR;
				CLANG_WARN_DOCUMENTATION_COMMENTS = YES;
				CLANG_WARN_EMPTY_BODY = YES;
				CLANG_WARN_ENUM_CONVERSION = YES;
				CLANG_WARN_INFINITE_RECURSION = YES;
				CLANG_WARN_INT_CONVERSION = YES;
				CLANG_WARN_NON_LITERAL_NULL_CONVERSION = YES;
				CLANG_WARN_OBJC_IMPLICIT_RETAIN_SELF = YES;
				CLANG_WARN_OBJC_LITERAL_CONVERSION = YES;
				CLANG_WARN_OBJC_ROOT_CLASS = YES_ERROR;
				CLANG_WARN_QUOTED_INCLUDE_IN_FRAMEWORK_HEADER = YES;
				CLANG_WARN_RANGE_LOOP_ANALYSIS = YES;
				CLANG_WARN_STRICT_PROTOTYPES = YES;
				CLANG_WARN_SUSPICIOUS_MOVE = YES;
				CLANG_WARN_UNGUARDED_AVAILABILITY = YES_AGGRESSIVE;
				CLANG_WARN_UNREACHABLE_CODE = YES;
				CLANG_WARN__DUPLICATE_METHOD_MATCH = YES;
				COPY_PHASE_STRIP = NO;
				DEBUG_INFORMATION_FORMAT = dwarf;
				ENABLE_STRICT_OBJC_MSGSEND = YES;
				ENABLE_TESTABILITY = YES;
				GCC_C_LANGUAGE_STANDARD = gnu11;
				GCC_DYNAMIC_NO_PIC = NO;
				GCC_NO_COMMON_BLOCKS = YES;
				GCC_OPTIMIZATION_LEVEL = 0;
				GCC_PREPROCESSOR_DEFINITIONS = (
					"DEBUG=1",
					"$(inherited)",
				);
				GCC_WARN_64_TO_32_BIT_CONVERSION = YES;
				GCC_WARN_ABOUT_RETURN_TYPE = YES_ERROR;
				GCC_WARN_UNDECLARED_SELECTOR = YES;
				GCC_WARN_UNINITIALIZED_AUTOS = YES_AGGRESSIVE;
				GCC_WARN_UNUSED_FUNCTION = YES;
				GCC_WARN_UNUSED_VARIABLE = YES;
				IPHONEOS_DEPLOYMENT_TARGET = 13.0;
				MTL_ENABLE_DEBUG_INFO = INCLUDE_SOURCE;
				MTL_FAST_MATH = YES;
				ONLY_ACTIVE_ARCH = YES;
				SDKROOT = iphoneos;
				SWIFT_ACTIVE_COMPILATION_CONDITIONS = DEBUG;
				SWIFT_OPTIMIZATION_LEVEL = "-Onone";
			};
			name = Debug;
		};
		8288590225AF46F70000BADB /* Release */ = {
			isa = XCBuildConfiguration;
			buildSettings = {
				ALWAYS_SEARCH_USER_PATHS = NO;
				CLANG_ANALYZER_NONNULL = YES;
				CLANG_ANALYZER_NUMBER_OBJECT_CONVERSION = YES_AGGRESSIVE;
				CLANG_CXX_LANGUAGE_STANDARD = "gnu++14";
				CLANG_CXX_LIBRARY = "libc++";
				CLANG_ENABLE_MODULES = YES;
				CLANG_ENABLE_OBJC_ARC = YES;
				CLANG_ENABLE_OBJC_WEAK = YES;
				CLANG_WARN_BLOCK_CAPTURE_AUTORELEASING = YES;
				CLANG_WARN_BOOL_CONVERSION = YES;
				CLANG_WARN_COMMA = YES;
				CLANG_WARN_CONSTANT_CONVERSION = YES;
				CLANG_WARN_DEPRECATED_OBJC_IMPLEMENTATIONS = YES;
				CLANG_WARN_DIRECT_OBJC_ISA_USAGE = YES_ERROR;
				CLANG_WARN_DOCUMENTATION_COMMENTS = YES;
				CLANG_WARN_EMPTY_BODY = YES;
				CLANG_WARN_ENUM_CONVERSION = YES;
				CLANG_WARN_INFINITE_RECURSION = YES;
				CLANG_WARN_INT_CONVERSION = YES;
				CLANG_WARN_NON_LITERAL_NULL_CONVERSION = YES;
				CLANG_WARN_OBJC_IMPLICIT_RETAIN_SELF = YES;
				CLANG_WARN_OBJC_LITERAL_CONVERSION = YES;
				CLANG_WARN_OBJC_ROOT_CLASS = YES_ERROR;
				CLANG_WARN_QUOTED_INCLUDE_IN_FRAMEWORK_HEADER = YES;
				CLANG_WARN_RANGE_LOOP_ANALYSIS = YES;
				CLANG_WARN_STRICT_PROTOTYPES = YES;
				CLANG_WARN_SUSPICIOUS_MOVE = YES;
				CLANG_WARN_UNGUARDED_AVAILABILITY = YES_AGGRESSIVE;
				CLANG_WARN_UNREACHABLE_CODE = YES;
				CLANG_WARN__DUPLICATE_METHOD_MATCH = YES;
				COPY_PHASE_STRIP = NO;
				DEBUG_INFORMATION_FORMAT = "dwarf-with-dsym";
				ENABLE_NS_ASSERTIONS = NO;
				ENABLE_STRICT_OBJC_MSGSEND = YES;
				GCC_C_LANGUAGE_STANDARD = gnu11;
				GCC_NO_COMMON_BLOCKS = YES;
				GCC_WARN_64_TO_32_BIT_CONVERSION = YES;
				GCC_WARN_ABOUT_RETURN_TYPE = YES_ERROR;
				GCC_WARN_UNDECLARED_SELECTOR = YES;
				GCC_WARN_UNINITIALIZED_AUTOS = YES_AGGRESSIVE;
				GCC_WARN_UNUSED_FUNCTION = YES;
				GCC_WARN_UNUSED_VARIABLE = YES;
				IPHONEOS_DEPLOYMENT_TARGET = 13.0;
				MTL_ENABLE_DEBUG_INFO = NO;
				MTL_FAST_MATH = YES;
				SDKROOT = iphoneos;
				SWIFT_COMPILATION_MODE = wholemodule;
				SWIFT_OPTIMIZATION_LEVEL = "-O";
				VALIDATE_PRODUCT = YES;
			};
			name = Release;
		};
		8288590425AF46F70000BADB /* Debug */ = {
			isa = XCBuildConfiguration;
			buildSettings = {
				ASSETCATALOG_COMPILER_APPICON_NAME = AppIcon;
				ASSETCATALOG_COMPILER_GLOBAL_ACCENT_COLOR_NAME = AccentColor;
				CODE_SIGN_STYLE = Automatic;
				DEVELOPMENT_ASSET_PATHS = "\"Restaurant/Preview Content\"";
				DEVELOPMENT_TEAM = 6V9B6LUW22;
				ENABLE_PREVIEWS = YES;
				INFOPLIST_FILE = Restaurant/Info.plist;
				LD_RUNPATH_SEARCH_PATHS = (
					"$(inherited)",
					"@executable_path/Frameworks",
				);
				PRODUCT_BUNDLE_IDENTIFIER = com.cedricbahirwe.Restaurant;
				PRODUCT_NAME = "$(TARGET_NAME)";
				SWIFT_VERSION = 5.0;
				TARGETED_DEVICE_FAMILY = "1,2";
			};
			name = Debug;
		};
		8288590525AF46F70000BADB /* Release */ = {
			isa = XCBuildConfiguration;
			buildSettings = {
				ASSETCATALOG_COMPILER_APPICON_NAME = AppIcon;
				ASSETCATALOG_COMPILER_GLOBAL_ACCENT_COLOR_NAME = AccentColor;
				CODE_SIGN_STYLE = Automatic;
				DEVELOPMENT_ASSET_PATHS = "\"Restaurant/Preview Content\"";
				DEVELOPMENT_TEAM = 6V9B6LUW22;
				ENABLE_PREVIEWS = YES;
				INFOPLIST_FILE = Restaurant/Info.plist;
				LD_RUNPATH_SEARCH_PATHS = (
					"$(inherited)",
					"@executable_path/Frameworks",
				);
				PRODUCT_BUNDLE_IDENTIFIER = com.cedricbahirwe.Restaurant;
				PRODUCT_NAME = "$(TARGET_NAME)";
				SWIFT_VERSION = 5.0;
				TARGETED_DEVICE_FAMILY = "1,2";
			};
			name = Release;
		};
		8288590725AF46F70000BADB /* Debug */ = {
			isa = XCBuildConfiguration;
			buildSettings = {
				ALWAYS_EMBED_SWIFT_STANDARD_LIBRARIES = YES;
				BUNDLE_LOADER = "$(TEST_HOST)";
				CODE_SIGN_STYLE = Automatic;
				DEVELOPMENT_TEAM = 6V9B6LUW22;
				INFOPLIST_FILE = RestaurantTests/Info.plist;
				IPHONEOS_DEPLOYMENT_TARGET = 14.3;
				LD_RUNPATH_SEARCH_PATHS = (
					"$(inherited)",
					"@executable_path/Frameworks",
					"@loader_path/Frameworks",
				);
				PRODUCT_BUNDLE_IDENTIFIER = com.cedricbahirwe.RestaurantTests;
				PRODUCT_NAME = "$(TARGET_NAME)";
				SWIFT_VERSION = 5.0;
				TARGETED_DEVICE_FAMILY = "1,2";
				TEST_HOST = "$(BUILT_PRODUCTS_DIR)/Restaurant.app/Restaurant";
			};
			name = Debug;
		};
		8288590825AF46F70000BADB /* Release */ = {
			isa = XCBuildConfiguration;
			buildSettings = {
				ALWAYS_EMBED_SWIFT_STANDARD_LIBRARIES = YES;
				BUNDLE_LOADER = "$(TEST_HOST)";
				CODE_SIGN_STYLE = Automatic;
				DEVELOPMENT_TEAM = 6V9B6LUW22;
				INFOPLIST_FILE = RestaurantTests/Info.plist;
				IPHONEOS_DEPLOYMENT_TARGET = 14.3;
				LD_RUNPATH_SEARCH_PATHS = (
					"$(inherited)",
					"@executable_path/Frameworks",
					"@loader_path/Frameworks",
				);
				PRODUCT_BUNDLE_IDENTIFIER = com.cedricbahirwe.RestaurantTests;
				PRODUCT_NAME = "$(TARGET_NAME)";
				SWIFT_VERSION = 5.0;
				TARGETED_DEVICE_FAMILY = "1,2";
				TEST_HOST = "$(BUILT_PRODUCTS_DIR)/Restaurant.app/Restaurant";
			};
			name = Release;
		};
		8288590A25AF46F70000BADB /* Debug */ = {
			isa = XCBuildConfiguration;
			buildSettings = {
				ALWAYS_EMBED_SWIFT_STANDARD_LIBRARIES = YES;
				CODE_SIGN_STYLE = Automatic;
				DEVELOPMENT_TEAM = 6V9B6LUW22;
				INFOPLIST_FILE = RestaurantUITests/Info.plist;
				LD_RUNPATH_SEARCH_PATHS = (
					"$(inherited)",
					"@executable_path/Frameworks",
					"@loader_path/Frameworks",
				);
				PRODUCT_BUNDLE_IDENTIFIER = com.cedricbahirwe.RestaurantUITests;
				PRODUCT_NAME = "$(TARGET_NAME)";
				SWIFT_VERSION = 5.0;
				TARGETED_DEVICE_FAMILY = "1,2";
				TEST_TARGET_NAME = Restaurant;
			};
			name = Debug;
		};
		8288590B25AF46F70000BADB /* Release */ = {
			isa = XCBuildConfiguration;
			buildSettings = {
				ALWAYS_EMBED_SWIFT_STANDARD_LIBRARIES = YES;
				CODE_SIGN_STYLE = Automatic;
				DEVELOPMENT_TEAM = 6V9B6LUW22;
				INFOPLIST_FILE = RestaurantUITests/Info.plist;
				LD_RUNPATH_SEARCH_PATHS = (
					"$(inherited)",
					"@executable_path/Frameworks",
					"@loader_path/Frameworks",
				);
				PRODUCT_BUNDLE_IDENTIFIER = com.cedricbahirwe.RestaurantUITests;
				PRODUCT_NAME = "$(TARGET_NAME)";
				SWIFT_VERSION = 5.0;
				TARGETED_DEVICE_FAMILY = "1,2";
				TEST_TARGET_NAME = Restaurant;
			};
			name = Release;
		};
/* End XCBuildConfiguration section */

/* Begin XCConfigurationList section */
		828858D425AF46F60000BADB /* Build configuration list for PBXProject "Restaurant" */ = {
			isa = XCConfigurationList;
			buildConfigurations = (
				8288590125AF46F70000BADB /* Debug */,
				8288590225AF46F70000BADB /* Release */,
			);
			defaultConfigurationIsVisible = 0;
			defaultConfigurationName = Release;
		};
		8288590325AF46F70000BADB /* Build configuration list for PBXNativeTarget "Restaurant" */ = {
			isa = XCConfigurationList;
			buildConfigurations = (
				8288590425AF46F70000BADB /* Debug */,
				8288590525AF46F70000BADB /* Release */,
			);
			defaultConfigurationIsVisible = 0;
			defaultConfigurationName = Release;
		};
		8288590625AF46F70000BADB /* Build configuration list for PBXNativeTarget "RestaurantTests" */ = {
			isa = XCConfigurationList;
			buildConfigurations = (
				8288590725AF46F70000BADB /* Debug */,
				8288590825AF46F70000BADB /* Release */,
			);
			defaultConfigurationIsVisible = 0;
			defaultConfigurationName = Release;
		};
		8288590925AF46F70000BADB /* Build configuration list for PBXNativeTarget "RestaurantUITests" */ = {
			isa = XCConfigurationList;
			buildConfigurations = (
				8288590A25AF46F70000BADB /* Debug */,
				8288590B25AF46F70000BADB /* Release */,
			);
			defaultConfigurationIsVisible = 0;
			defaultConfigurationName = Release;
		};
/* End XCConfigurationList section */
	};
	rootObject = 828858D125AF46F60000BADB /* Project object */;
}
